
Microsoft Visual Studio Solution File, Format Version 11.00
# Visual Studio 2010
Project("{FAE04EC0-301F-11D3-BF4B-00C04F79EFBC}") = "2.2 Robbers Roost (My Text Game)", "Assembly-CSharp.csproj", "{F9BBBCFF-3B86-A87E-7DC0-FBD0B7665177}"
EndProject
Global
	GlobalSection(SolutionConfigurationPlatforms) = preSolution
		Debug|Any CPU = Debug|Any CPU
		Release|Any CPU = Release|Any CPU
	EndGlobalSection
	GlobalSection(ProjectConfigurationPlatforms) = postSolution
		{F9BBBCFF-3B86-A87E-7DC0-FBD0B7665177}.Debug|Any CPU.ActiveCfg = Debug|Any CPU
		{F9BBBCFF-3B86-A87E-7DC0-FBD0B7665177}.Debug|Any CPU.Build.0 = Debug|Any CPU
		{F9BBBCFF-3B86-A87E-7DC0-FBD0B7665177}.Release|Any CPU.ActiveCfg = Release|Any CPU
		{F9BBBCFF-3B86-A87E-7DC0-FBD0B7665177}.Release|Any CPU.Build.0 = Release|Any CPU
	EndGlobalSection
	GlobalSection(SolutionProperties) = preSolution
		HideSolutionNode = FALSE
	EndGlobalSection
	GlobalSection(MonoDevelopProperties) = preSolution
		StartupItem = Assembly-CSharp.csproj
	EndGlobalSection
EndGlobal
